// !$*UTF8*$!
{
	archiveVersion = 1;
	classes = {
	};
	objectVersion = 50;
	objects = {

/* Begin PBXBuildFile section */
		874B8A7320FF6CBC0025E503 /* AppDelegate.swift in Sources */ = {isa = PBXBuildFile; fileRef = 874B8A7220FF6CBC0025E503 /* AppDelegate.swift */; };
		874B8A7520FF6CBC0025E503 /* ViewController.swift in Sources */ = {isa = PBXBuildFile; fileRef = 874B8A7420FF6CBC0025E503 /* ViewController.swift */; };
		874B8A7820FF6CBC0025E503 /* Main.storyboard in Resources */ = {isa = PBXBuildFile; fileRef = 874B8A7620FF6CBC0025E503 /* Main.storyboard */; };
		874B8A7B20FF6CBC0025E503 /* CoreDataTutorial.xcdatamodeld in Sources */ = {isa = PBXBuildFile; fileRef = 874B8A7920FF6CBC0025E503 /* CoreDataTutorial.xcdatamodeld */; };
		874B8A7D20FF6CBE0025E503 /* Assets.xcassets in Resources */ = {isa = PBXBuildFile; fileRef = 874B8A7C20FF6CBE0025E503 /* Assets.xcassets */; };
		874B8A8020FF6CBE0025E503 /* LaunchScreen.storyboard in Resources */ = {isa = PBXBuildFile; fileRef = 874B8A7E20FF6CBE0025E503 /* LaunchScreen.storyboard */; };
/* End PBXBuildFile section */

/* Begin PBXFileReference section */
		874B8A6F20FF6CBC0025E503 /* CoreDataTutorial.app */ = {isa = PBXFileReference; explicitFileType = wrapper.application; includeInIndex = 0; path = CoreDataTutorial.app; sourceTree = BUILT_PRODUCTS_DIR; };
		874B8A7220FF6CBC0025E503 /* AppDelegate.swift */ = {isa = PBXFileReference; lastKnownFileType = sourcecode.swift; path = AppDelegate.swift; sourceTree = "<group>"; };
		874B8A7420FF6CBC0025E503 /* ViewController.swift */ = {isa = PBXFileReference; lastKnownFileType = sourcecode.swift; path = ViewController.swift; sourceTree = "<group>"; };
		874B8A7720FF6CBC0025E503 /* Base */ = {isa = PBXFileReference; lastKnownFileType = file.storyboard; name = Base; path = Base.lproj/Main.storyboard; sourceTree = "<group>"; };
		874B8A7A20FF6CBC0025E503 /* CoreDataTutorial.xcdatamodel */ = {isa = PBXFileReference; lastKnownFileType = wrapper.xcdatamodel; path = CoreDataTutorial.xcdatamodel; sourceTree = "<group>"; };
		874B8A7C20FF6CBE0025E503 /* Assets.xcassets */ = {isa = PBXFileReference; lastKnownFileType = folder.assetcatalog; path = Assets.xcassets; sourceTree = "<group>"; };
		874B8A7F20FF6CBE0025E503 /* Base */ = {isa = PBXFileReference; lastKnownFileType = file.storyboard; name = Base; path = Base.lproj/LaunchScreen.storyboard; sourceTree = "<group>"; };
		874B8A8120FF6CBE0025E503 /* Info.plist */ = {isa = PBXFileReference; lastKnownFileType = text.plist.xml; path = Info.plist; sourceTree = "<group>"; };
/* End PBXFileReference section */

/* Begin PBXFrameworksBuildPhase section */
		874B8A6C20FF6CBC0025E503 /* Frameworks */ = {
			isa = PBXFrameworksBuildPhase;
			buildActionMask = 2147483647;
			files = (
			);
			runOnlyForDeploymentPostprocessing = 0;
		};
/* End PBXFrameworksBuildPhase section */

/* Begin PBXGroup section */
		874B8A6620FF6CBC0025E503 = {
			isa = PBXGroup;
			children = (
				874B8A7120FF6CBC0025E503 /* CoreDataTutorial */,
				874B8A7020FF6CBC0025E503 /* Products */,
			);
			sourceTree = "<group>";
		};
		874B8A7020FF6CBC0025E503 /* Products */ = {
			isa = PBXGroup;
			children = (
				874B8A6F20FF6CBC0025E503 /* CoreDataTutorial.app */,
			);
			name = Products;
			sourceTree = "<group>";
		};
		874B8A7120FF6CBC0025E503 /* CoreDataTutorial */ = {
			isa = PBXGroup;
			children = (
				874B8A7220FF6CBC0025E503 /* AppDelegate.swift */,
				874B8A7420FF6CBC0025E503 /* ViewController.swift */,
				874B8A7620FF6CBC0025E503 /* Main.storyboard */,
				874B8A7C20FF6CBE0025E503 /* Assets.xcassets */,
				874B8A7E20FF6CBE0025E503 /* LaunchScreen.storyboard */,
				874B8A8120FF6CBE0025E503 /* Info.plist */,
				874B8A7920FF6CBC0025E503 /* CoreDataTutorial.xcdatamodeld */,
			);
			path = CoreDataTutorial;
			sourceTree = "<group>";
		};
/* End PBXGroup section */

/* Begin PBXNativeTarget section */
		874B8A6E20FF6CBC0025E503 /* CoreDataTutorial */ = {
			isa = PBXNativeTarget;
			buildConfigurationList = 874B8A8420FF6CBE0025E503 /* Build configuration list for PBXNativeTarget "CoreDataTutorial" */;
			buildPhases = (
				874B8A6B20FF6CBC0025E503 /* Sources */,
				874B8A6C20FF6CBC0025E503 /* Frameworks */,
				874B8A6D20FF6CBC0025E503 /* Resources */,
			);
			buildRules = (
			);
			dependencies = (
			);
			name = CoreDataTutorial;
			productName = CoreDataTutorial;
			productReference = 874B8A6F20FF6CBC0025E503 /* CoreDataTutorial.app */;
			productType = "com.apple.product-type.application";
		};
/* End PBXNativeTarget section */

/* Begin PBXProject section */
		874B8A6720FF6CBC0025E503 /* Project object */ = {
			isa = PBXProject;
			attributes = {
				LastSwiftUpdateCheck = 0940;
				LastUpgradeCheck = 0940;
				ORGANIZATIONNAME = Heady;
				TargetAttributes = {
					874B8A6E20FF6CBC0025E503 = {
						CreatedOnToolsVersion = 9.4.1;
					};
				};
			};
			buildConfigurationList = 874B8A6A20FF6CBC0025E503 /* Build configuration list for PBXProject "CoreDataTutorial" */;
			compatibilityVersion = "Xcode 9.3";
			developmentRegion = en;
			hasScannedForEncodings = 0;
			knownRegions = (
				en,
				Base,
			);
			mainGroup = 874B8A6620FF6CBC0025E503;
			productRefGroup = 874B8A7020FF6CBC0025E503 /* Products */;
			projectDirPath = "";
			projectRoot = "";
			targets = (
				874B8A6E20FF6CBC0025E503 /* CoreDataTutorial */,
			);
		};
/* End PBXProject section */

/* Begin PBXResourcesBuildPhase section */
		874B8A6D20FF6CBC0025E503 /* Resources */ = {
			isa = PBXResourcesBuildPhase;
			buildActionMask = 2147483647;
			files = (
				874B8A8020FF6CBE0025E503 /* LaunchScreen.storyboard in Resources */,
				874B8A7D20FF6CBE0025E503 /* Assets.xcassets in Resources */,
				874B8A7820FF6CBC0025E503 /* Main.storyboard in Resources */,
			);
			runOnlyForDeploymentPostprocessing = 0;
		};
/* End PBXResourcesBuildPhase section */

/* Begin PBXSourcesBuildPhase section */
		874B8A6B20FF6CBC0025E503 /* Sources */ = {
			isa = PBXSourcesBuildPhase;
			buildActionMask = 2147483647;
			files = (
				874B8A7520FF6CBC0025E503 /* ViewController.swift in Sources */,
				874B8A7320FF6CBC0025E503 /* AppDelegate.swift in Sources */,
				874B8A7B20FF6CBC0025E503 /* CoreDataTutorial.xcdatamodeld in Sources */,
			);
			runOnlyForDeploymentPostprocessing = 0;
		};
/* End PBXSourcesBuildPhase section */

/* Begin PBXVariantGroup section */
		874B8A7620FF6CBC0025E503 /* Main.storyboard */ = {
			isa = PBXVariantGroup;
			children = (
				874B8A7720FF6CBC0025E503 /* Base */,
			);
			name = Main.storyboard;
			sourceTree = "<group>";
		};
		874B8A7E20FF6CBE0025E503 /* LaunchScreen.storyboard */ = {
			isa = PBXVariantGroup;
			children = (
				874B8A7F20FF6CBE0025E503 /* Base */,
			);
			name = LaunchScreen.storyboard;
			sourceTree = "<group>";
		};
/* End PBXVariantGroup section */

/* Begin XCBuildConfiguration section */
		874B8A8220FF6CBE0025E503 /* Debug */ = {
			isa = XCBuildConfiguration;
			buildSettings = {
				ALWAYS_SEARCH_USER_PATHS = NO;
				CLANG_ANALYZER_NONNULL = YES;
				CLANG_ANALYZER_NUMBER_OBJECT_CONVERSION = YES_AGGRESSIVE;
				CLANG_CXX_LANGUAGE_STANDARD = "gnu++14";
				CLANG_CXX_LIBRARY = "libc++";
				CLANG_ENABLE_MODULES = YES;
				CLANG_ENABLE_OBJC_ARC = YES;
				CLANG_ENABLE_OBJC_WEAK = YES;
				CLANG_WARN_BLOCK_CAPTURE_AUTORELEASING = YES;
				CLANG_WARN_BOOL_CONVERSION = YES;
				CLANG_WARN_COMMA = YES;
				CLANG_WARN_CONSTANT_CONVERSION = YES;
				CLANG_WARN_DEPRECATED_OBJC_IMPLEMENTATIONS = YES;
				CLANG_WARN_DIRECT_OBJC_ISA_USAGE = YES_ERROR;
				CLANG_WARN_DOCUMENTATION_COMMENTS = YES;
				CLANG_WARN_EMPTY_BODY = YES;
				CLANG_WARN_ENUM_CONVERSION = YES;
				CLANG_WARN_INFINITE_RECURSION = YES;
				CLANG_WARN_INT_CONVERSION = YES;
				CLANG_WARN_NON_LITERAL_NULL_CONVERSION = YES;
				CLANG_WARN_OBJC_IMPLICIT_RETAIN_SELF = YES;
				CLANG_WARN_OBJC_LITERAL_CONVERSION = YES;
				CLANG_WARN_OBJC_ROOT_CLASS = YES_ERROR;
				CLANG_WARN_RANGE_LOOP_ANALYSIS = YES;
				CLANG_WARN_STRICT_PROTOTYPES = YES;
				CLANG_WARN_SUSPICIOUS_MOVE = YES;
				CLANG_WARN_UNGUARDED_AVAILABILITY = YES_AGGRESSIVE;
				CLANG_WARN_UNREACHABLE_CODE = YES;
				CLANG_WARN__DUPLICATE_METHOD_MATCH = YES;
				CODE_SIGN_IDENTITY = "iPhone Developer";
				COPY_PHASE_STRIP = NO;
				DEBUG_INFORMATION_FORMAT = dwarf;
				ENABLE_STRICT_OBJC_MSGSEND = YES;
				ENABLE_TESTABILITY = YES;
				GCC_C_LANGUAGE_STANDARD = gnu11;
				GCC_DYNAMIC_NO_PIC = NO;
				GCC_NO_COMMON_BLOCKS = YES;
				GCC_OPTIMIZATION_LEVEL = 0;
				GCC_PREPROCESSOR_DEFINITIONS = (
					"DEBUG=1",
					"$(inherited)",
				);
				GCC_WARN_64_TO_32_BIT_CONVERSION = YES;
				GCC_WARN_ABOUT_RETURN_TYPE = YES_ERROR;
				GCC_WARN_UNDECLARED_SELECTOR = YES;
				GCC_WARN_UNINITIALIZED_AUTOS = YES_AGGRESSIVE;
				GCC_WARN_UNUSED_FUNCTION = YES;
				GCC_WARN_UNUSED_VARIABLE = YES;
				IPHONEOS_DEPLOYMENT_TARGET = 11.4;
				MTL_ENABLE_DEBUG_INFO = YES;
				ONLY_ACTIVE_ARCH = YES;
				SDKROOT = iphoneos;
				SWIFT_ACTIVE_COMPILATION_CONDITIONS = DEBUG;
				SWIFT_OPTIMIZATION_LEVEL = "-Onone";
			};
			name = Debug;
		};
		874B8A8320FF6CBE0025E503 /* Release */ = {
			isa = XCBuildConfiguration;
			buildSettings = {
				ALWAYS_SEARCH_USER_PATHS = NO;
				CLANG_ANALYZER_NONNULL = YES;
				CLANG_ANALYZER_NUMBER_OBJECT_CONVERSION = YES_AGGRESSIVE;
				CLANG_CXX_LANGUAGE_STANDARD = "gnu++14";
				CLANG_CXX_LIBRARY = "libc++";
				CLANG_ENABLE_MODULES = YES;
				CLANG_ENABLE_OBJC_ARC = YES;
				CLANG_ENABLE_OBJC_WEAK = YES;
				CLANG_WARN_BLOCK_CAPTURE_AUTORELEASING = YES;
				CLANG_WARN_BOOL_CONVERSION = YES;
				CLANG_WARN_COMMA = YES;
				CLANG_WARN_CONSTANT_CONVERSION = YES;
				CLANG_WARN_DEPRECATED_OBJC_IMPLEMENTATIONS = YES;
				CLANG_WARN_DIRECT_OBJC_ISA_USAGE = YES_ERROR;
				CLANG_WARN_DOCUMENTATION_COMMENTS = YES;
				CLANG_WARN_EMPTY_BODY = YES;
				CLANG_WARN_ENUM_CONVERSION = YES;
				CLANG_WARN_INFINITE_RECURSION = YES;
				CLANG_WARN_INT_CONVERSION = YES;
				CLANG_WARN_NON_LITERAL_NULL_CONVERSION = YES;
				CLANG_WARN_OBJC_IMPLICIT_RETAIN_SELF = YES;
				CLANG_WARN_OBJC_LITERAL_CONVERSION = YES;
				CLANG_WARN_OBJC_ROOT_CLASS = YES_ERROR;
				CLANG_WARN_RANGE_LOOP_ANALYSIS = YES;
				CLANG_WARN_STRICT_PROTOTYPES = YES;
				CLANG_WARN_SUSPICIOUS_MOVE = YES;
				CLANG_WARN_UNGUARDED_AVAILABILITY = YES_AGGRESSIVE;
				CLANG_WARN_UNREACHABLE_CODE = YES;
				CLANG_WARN__DUPLICATE_METHOD_MATCH = YES;
				CODE_SIGN_IDENTITY = "iPhone Developer";
				COPY_PHASE_STRIP = NO;
				DEBUG_INFORMATION_FORMAT = "dwarf-with-dsym";
				ENABLE_NS_ASSERTIONS = NO;
				ENABLE_STRICT_OBJC_MSGSEND = YES;
				GCC_C_LANGUAGE_STANDARD = gnu11;
				GCC_NO_COMMON_BLOCKS = YES;
				GCC_WARN_64_TO_32_BIT_CONVERSION = YES;
				GCC_WARN_ABOUT_RETURN_TYPE = YES_ERROR;
				GCC_WARN_UNDECLARED_SELECTOR = YES;
				GCC_WARN_UNINITIALIZED_AUTOS = YES_AGGRESSIVE;
				GCC_WARN_UNUSED_FUNCTION = YES;
				GCC_WARN_UNUSED_VARIABLE = YES;
				IPHONEOS_DEPLOYMENT_TARGET = 11.4;
				MTL_ENABLE_DEBUG_INFO = NO;
				SDKROOT = iphoneos;
				SWIFT_COMPILATION_MODE = wholemodule;
				SWIFT_OPTIMIZATION_LEVEL = "-O";
				VALIDATE_PRODUCT = YES;
			};
			name = Release;
		};
		874B8A8520FF6CBE0025E503 /* Debug */ = {
			isa = XCBuildConfiguration;
			buildSettings = {
				ASSETCATALOG_COMPILER_APPICON_NAME = AppIcon;
				CODE_SIGN_STYLE = Automatic;
				DEVELOPMENT_TEAM = W8YR43228J;
				INFOPLIST_FILE = CoreDataTutorial/Info.plist;
				LD_RUNPATH_SEARCH_PATHS = (
					"$(inherited)",
					"@executable_path/Frameworks",
				);
				PRODUCT_BUNDLE_IDENTIFIER = Heady.CoreDataTutorial;
				PRODUCT_NAME = "$(TARGET_NAME)";
				SWIFT_VERSION = 4.0;
				TARGETED_DEVICE_FAMILY = "1,2";
			};
			name = Debug;
		};
		874B8A8620FF6CBE0025E503 /* Release */ = {
			isa = XCBuildConfiguration;
			buildSettings = {
				ASSETCATALOG_COMPILER_APPICON_NAME = AppIcon;
				CODE_SIGN_STYLE = Automatic;
				DEVELOPMENT_TEAM = W8YR43228J;
				INFOPLIST_FILE = CoreDataTutorial/Info.plist;
				LD_RUNPATH_SEARCH_PATHS = (
					"$(inherited)",
					"@executable_path/Frameworks",
				);
				PRODUCT_BUNDLE_IDENTIFIER = Heady.CoreDataTutorial;
				PRODUCT_NAME = "$(TARGET_NAME)";
				SWIFT_VERSION = 4.0;
				TARGETED_DEVICE_FAMILY = "1,2";
			};
			name = Release;
		};
/* End XCBuildConfiguration section */

/* Begin XCConfigurationList section */
		874B8A6A20FF6CBC0025E503 /* Build configuration list for PBXProject "CoreDataTutorial" */ = {
			isa = XCConfigurationList;
			buildConfigurations = (
				874B8A8220FF6CBE0025E503 /* Debug */,
				874B8A8320FF6CBE0025E503 /* Release */,
			);
			defaultConfigurationIsVisible = 0;
			defaultConfigurationName = Release;
		};
		874B8A8420FF6CBE0025E503 /* Build configuration list for PBXNativeTarget "CoreDataTutorial" */ = {
			isa = XCConfigurationList;
			buildConfigurations = (
				874B8A8520FF6CBE0025E503 /* Debug */,
				874B8A8620FF6CBE0025E503 /* Release */,
			);
			defaultConfigurationIsVisible = 0;
			defaultConfigurationName = Release;
		};
/* End XCConfigurationList section */

/* Begin XCVersionGroup section */
		874B8A7920FF6CBC0025E503 /* CoreDataTutorial.xcdatamodeld */ = {
			isa = XCVersionGroup;
			children = (
				874B8A7A20FF6CBC0025E503 /* CoreDataTutorial.xcdatamodel */,
			);
			currentVersion = 874B8A7A20FF6CBC0025E503 /* CoreDataTutorial.xcdatamodel */;
			path = CoreDataTutorial.xcdatamodeld;
			sourceTree = "<group>";
			versionGroupType = wrapper.xcdatamodel;
		};
/* End XCVersionGroup section */
	};
	rootObject = 874B8A6720FF6CBC0025E503 /* Project object */;
}
